// !$*UTF8*$!
{
	archiveVersion = 1;
	classes = {
	};
	objectVersion = 46;
	objects = {

/* Begin PBXBuildFile section */
		63F96967194F2B0A00158C10 /* Foundation.framework in Frameworks */ = {isa = PBXBuildFile; fileRef = 63F96966194F2B0A00158C10 /* Foundation.framework */; };
		63F96969194F2B0A00158C10 /* CoreGraphics.framework in Frameworks */ = {isa = PBXBuildFile; fileRef = 63F96968194F2B0A00158C10 /* CoreGraphics.framework */; };
		63F9696B194F2B0A00158C10 /* UIKit.framework in Frameworks */ = {isa = PBXBuildFile; fileRef = 63F9696A194F2B0A00158C10 /* UIKit.framework */; };
		63F96971194F2B0A00158C10 /* InfoPlist.strings in Resources */ = {isa = PBXBuildFile; fileRef = 63F9696F194F2B0A00158C10 /* InfoPlist.strings */; };
		63F96973194F2B0A00158C10 /* main.m in Sources */ = {isa = PBXBuildFile; fileRef = 63F96972194F2B0A00158C10 /* main.m */; };
		63F96977194F2B0A00158C10 /* mkAppDelegate.m in Sources */ = {isa = PBXBuildFile; fileRef = 63F96976194F2B0A00158C10 /* mkAppDelegate.m */; };
		63F9697A194F2B0A00158C10 /* Main.storyboard in Resources */ = {isa = PBXBuildFile; fileRef = 63F96978194F2B0A00158C10 /* Main.storyboard */; };
		63F9697D194F2B0A00158C10 /* mkViewController.m in Sources */ = {isa = PBXBuildFile; fileRef = 63F9697C194F2B0A00158C10 /* mkViewController.m */; };
		63F9697F194F2B0A00158C10 /* Images.xcassets in Resources */ = {isa = PBXBuildFile; fileRef = 63F9697E194F2B0A00158C10 /* Images.xcassets */; };
		63F96986194F2B0A00158C10 /* XCTest.framework in Frameworks */ = {isa = PBXBuildFile; fileRef = 63F96985194F2B0A00158C10 /* XCTest.framework */; };
		63F96987194F2B0B00158C10 /* Foundation.framework in Frameworks */ = {isa = PBXBuildFile; fileRef = 63F96966194F2B0A00158C10 /* Foundation.framework */; };
		63F96988194F2B0B00158C10 /* UIKit.framework in Frameworks */ = {isa = PBXBuildFile; fileRef = 63F9696A194F2B0A00158C10 /* UIKit.framework */; };
		63F96990194F2B0B00158C10 /* InfoPlist.strings in Resources */ = {isa = PBXBuildFile; fileRef = 63F9698E194F2B0B00158C10 /* InfoPlist.strings */; };
		63F96992194F2B0B00158C10 /* UITableViewController_Challenge_SolutionTests.m in Sources */ = {isa = PBXBuildFile; fileRef = 63F96991194F2B0B00158C10 /* UITableViewController_Challenge_SolutionTests.m */; };
/* End PBXBuildFile section */

/* Begin PBXContainerItemProxy section */
		63F96989194F2B0B00158C10 /* PBXContainerItemProxy */ = {
			isa = PBXContainerItemProxy;
			containerPortal = 63F9695B194F2B0A00158C10 /* Project object */;
			proxyType = 1;
			remoteGlobalIDString = 63F96962194F2B0A00158C10;
			remoteInfo = "UITableViewController Challenge Solution";
		};
/* End PBXContainerItemProxy section */

/* Begin PBXFileReference section */
		63F96963194F2B0A00158C10 /* UITableViewController Challenge Solution.app */ = {isa = PBXFileReference; explicitFileType = wrapper.application; includeInIndex = 0; path = "UITableViewController Challenge Solution.app"; sourceTree = BUILT_PRODUCTS_DIR; };
		63F96966194F2B0A00158C10 /* Foundation.framework */ = {isa = PBXFileReference; lastKnownFileType = wrapper.framework; name = Foundation.framework; path = System/Library/Frameworks/Foundation.framework; sourceTree = SDKROOT; };
		63F96968194F2B0A00158C10 /* CoreGraphics.framework */ = {isa = PBXFileReference; lastKnownFileType = wrapper.framework; name = CoreGraphics.framework; path = System/Library/Frameworks/CoreGraphics.framework; sourceTree = SDKROOT; };
		63F9696A194F2B0A00158C10 /* UIKit.framework */ = {isa = PBXFileReference; lastKnownFileType = wrapper.framework; name = UIKit.framework; path = System/Library/Frameworks/UIKit.framework; sourceTree = SDKROOT; };
		63F9696E194F2B0A00158C10 /* UITableViewController Challenge Solution-Info.plist */ = {isa = PBXFileReference; lastKnownFileType = text.plist.xml; path = "UITableViewController Challenge Solution-Info.plist"; sourceTree = "<group>"; };
		63F96970194F2B0A00158C10 /* en */ = {isa = PBXFileReference; lastKnownFileType = text.plist.strings; name = en; path = en.lproj/InfoPlist.strings; sourceTree = "<group>"; };
		63F96972194F2B0A00158C10 /* main.m */ = {isa = PBXFileReference; lastKnownFileType = sourcecode.c.objc; path = main.m; sourceTree = "<group>"; };
		63F96974194F2B0A00158C10 /* UITableViewController Challenge Solution-Prefix.pch */ = {isa = PBXFileReference; lastKnownFileType = sourcecode.c.h; path = "UITableViewController Challenge Solution-Prefix.pch"; sourceTree = "<group>"; };
		63F96975194F2B0A00158C10 /* mkAppDelegate.h */ = {isa = PBXFileReference; lastKnownFileType = sourcecode.c.h; path = mkAppDelegate.h; sourceTree = "<group>"; };
		63F96976194F2B0A00158C10 /* mkAppDelegate.m */ = {isa = PBXFileReference; lastKnownFileType = sourcecode.c.objc; path = mkAppDelegate.m; sourceTree = "<group>"; };
		63F96979194F2B0A00158C10 /* Base */ = {isa = PBXFileReference; lastKnownFileType = file.storyboard; name = Base; path = Base.lproj/Main.storyboard; sourceTree = "<group>"; };
		63F9697B194F2B0A00158C10 /* mkViewController.h */ = {isa = PBXFileReference; lastKnownFileType = sourcecode.c.h; path = mkViewController.h; sourceTree = "<group>"; };
		63F9697C194F2B0A00158C10 /* mkViewController.m */ = {isa = PBXFileReference; lastKnownFileType = sourcecode.c.objc; path = mkViewController.m; sourceTree = "<group>"; };
		63F9697E194F2B0A00158C10 /* Images.xcassets */ = {isa = PBXFileReference; lastKnownFileType = folder.assetcatalog; path = Images.xcassets; sourceTree = "<group>"; };
		63F96984194F2B0A00158C10 /* UITableViewController Challenge SolutionTests.xctest */ = {isa = PBXFileReference; explicitFileType = wrapper.cfbundle; includeInIndex = 0; path = "UITableViewController Challenge SolutionTests.xctest"; sourceTree = BUILT_PRODUCTS_DIR; };
		63F96985194F2B0A00158C10 /* XCTest.framework */ = {isa = PBXFileReference; lastKnownFileType = wrapper.framework; name = XCTest.framework; path = Library/Frameworks/XCTest.framework; sourceTree = DEVELOPER_DIR; };
		63F9698D194F2B0B00158C10 /* UITableViewController Challenge SolutionTests-Info.plist */ = {isa = PBXFileReference; lastKnownFileType = text.plist.xml; path = "UITableViewController Challenge SolutionTests-Info.plist"; sourceTree = "<group>"; };
		63F9698F194F2B0B00158C10 /* en */ = {isa = PBXFileReference; lastKnownFileType = text.plist.strings; name = en; path = en.lproj/InfoPlist.strings; sourceTree = "<group>"; };
		63F96991194F2B0B00158C10 /* UITableViewController_Challenge_SolutionTests.m */ = {isa = PBXFileReference; lastKnownFileType = sourcecode.c.objc; path = UITableViewController_Challenge_SolutionTests.m; sourceTree = "<group>"; };
/* End PBXFileReference section */

/* Begin PBXFrameworksBuildPhase section */
		63F96960194F2B0A00158C10 /* Frameworks */ = {
			isa = PBXFrameworksBuildPhase;
			buildActionMask = 2147483647;
			files = (
				63F96969194F2B0A00158C10 /* CoreGraphics.framework in Frameworks */,
				63F9696B194F2B0A00158C10 /* UIKit.framework in Frameworks */,
				63F96967194F2B0A00158C10 /* Foundation.framework in Frameworks */,
			);
			runOnlyForDeploymentPostprocessing = 0;
		};
		63F96981194F2B0A00158C10 /* Frameworks */ = {
			isa = PBXFrameworksBuildPhase;
			buildActionMask = 2147483647;
			files = (
				63F96986194F2B0A00158C10 /* XCTest.framework in Frameworks */,
				63F96988194F2B0B00158C10 /* UIKit.framework in Frameworks */,
				63F96987194F2B0B00158C10 /* Foundation.framework in Frameworks */,
			);
			runOnlyForDeploymentPostprocessing = 0;
		};
/* End PBXFrameworksBuildPhase section */

/* Begin PBXGroup section */
		63F9695A194F2B0A00158C10 = {
			isa = PBXGroup;
			children = (
				63F9696C194F2B0A00158C10 /* UITableViewController Challenge Solution */,
				63F9698B194F2B0B00158C10 /* UITableViewController Challenge SolutionTests */,
				63F96965194F2B0A00158C10 /* Frameworks */,
				63F96964194F2B0A00158C10 /* Products */,
			);
			sourceTree = "<group>";
		};
		63F96964194F2B0A00158C10 /* Products */ = {
			isa = PBXGroup;
			children = (
				63F96963194F2B0A00158C10 /* UITableViewController Challenge Solution.app */,
				63F96984194F2B0A00158C10 /* UITableViewController Challenge SolutionTests.xctest */,
			);
			name = Products;
			sourceTree = "<group>";
		};
		63F96965194F2B0A00158C10 /* Frameworks */ = {
			isa = PBXGroup;
			children = (
				63F96966194F2B0A00158C10 /* Foundation.framework */,
				63F96968194F2B0A00158C10 /* CoreGraphics.framework */,
				63F9696A194F2B0A00158C10 /* UIKit.framework */,
				63F96985194F2B0A00158C10 /* XCTest.framework */,
			);
			name = Frameworks;
			sourceTree = "<group>";
		};
		63F9696C194F2B0A00158C10 /* UITableViewController Challenge Solution */ = {
			isa = PBXGroup;
			children = (
				63F96975194F2B0A00158C10 /* mkAppDelegate.h */,
				63F96976194F2B0A00158C10 /* mkAppDelegate.m */,
				63F96978194F2B0A00158C10 /* Main.storyboard */,
				63F9697B194F2B0A00158C10 /* mkViewController.h */,
				63F9697C194F2B0A00158C10 /* mkViewController.m */,
				63F9697E194F2B0A00158C10 /* Images.xcassets */,
				63F9696D194F2B0A00158C10 /* Supporting Files */,
			);
			path = "UITableViewController Challenge Solution";
			sourceTree = "<group>";
		};
		63F9696D194F2B0A00158C10 /* Supporting Files */ = {
			isa = PBXGroup;
			children = (
				63F9696E194F2B0A00158C10 /* UITableViewController Challenge Solution-Info.plist */,
				63F9696F194F2B0A00158C10 /* InfoPlist.strings */,
				63F96972194F2B0A00158C10 /* main.m */,
				63F96974194F2B0A00158C10 /* UITableViewController Challenge Solution-Prefix.pch */,
			);
			name = "Supporting Files";
			sourceTree = "<group>";
		};
		63F9698B194F2B0B00158C10 /* UITableViewController Challenge SolutionTests */ = {
			isa = PBXGroup;
			children = (
				63F96991194F2B0B00158C10 /* UITableViewController_Challenge_SolutionTests.m */,
				63F9698C194F2B0B00158C10 /* Supporting Files */,
			);
			path = "UITableViewController Challenge SolutionTests";
			sourceTree = "<group>";
		};
		63F9698C194F2B0B00158C10 /* Supporting Files */ = {
			isa = PBXGroup;
			children = (
				63F9698D194F2B0B00158C10 /* UITableViewController Challenge SolutionTests-Info.plist */,
				63F9698E194F2B0B00158C10 /* InfoPlist.strings */,
			);
			name = "Supporting Files";
			sourceTree = "<group>";
		};
/* End PBXGroup section */

/* Begin PBXNativeTarget section */
		63F96962194F2B0A00158C10 /* UITableViewController Challenge Solution */ = {
			isa = PBXNativeTarget;
			buildConfigurationList = 63F96995194F2B0B00158C10 /* Build configuration list for PBXNativeTarget "UITableViewController Challenge Solution" */;
			buildPhases = (
				63F9695F194F2B0A00158C10 /* Sources */,
				63F96960194F2B0A00158C10 /* Frameworks */,
				63F96961194F2B0A00158C10 /* Resources */,
			);
			buildRules = (
			);
			dependencies = (
			);
			name = "UITableViewController Challenge Solution";
			productName = "UITableViewController Challenge Solution";
			productReference = 63F96963194F2B0A00158C10 /* UITableViewController Challenge Solution.app */;
			productType = "com.apple.product-type.application";
		};
		63F96983194F2B0A00158C10 /* UITableViewController Challenge SolutionTests */ = {
			isa = PBXNativeTarget;
			buildConfigurationList = 63F96998194F2B0B00158C10 /* Build configuration list for PBXNativeTarget "UITableViewController Challenge SolutionTests" */;
			buildPhases = (
				63F96980194F2B0A00158C10 /* Sources */,
				63F96981194F2B0A00158C10 /* Frameworks */,
				63F96982194F2B0A00158C10 /* Resources */,
			);
			buildRules = (
			);
			dependencies = (
				63F9698A194F2B0B00158C10 /* PBXTargetDependency */,
			);
			name = "UITableViewController Challenge SolutionTests";
			productName = "UITableViewController Challenge SolutionTests";
			productReference = 63F96984194F2B0A00158C10 /* UITableViewController Challenge SolutionTests.xctest */;
			productType = "com.apple.product-type.bundle.unit-test";
		};
/* End PBXNativeTarget section */

/* Begin PBXProject section */
		63F9695B194F2B0A00158C10 /* Project object */ = {
			isa = PBXProject;
			attributes = {
				CLASSPREFIX = mk;
				LastUpgradeCheck = 0510;
				ORGANIZATIONNAME = "___FULLUSERNAME___";
				TargetAttributes = {
					63F96983194F2B0A00158C10 = {
						TestTargetID = 63F96962194F2B0A00158C10;
					};
				};
			};
			buildConfigurationList = 63F9695E194F2B0A00158C10 /* Build configuration list for PBXProject "UITableViewController Challenge Solution" */;
			compatibilityVersion = "Xcode 3.2";
			developmentRegion = English;
			hasScannedForEncodings = 0;
			knownRegions = (
				en,
				Base,
			);
			mainGroup = 63F9695A194F2B0A00158C10;
			productRefGroup = 63F96964194F2B0A00158C10 /* Products */;
			projectDirPath = "";
			projectRoot = "";
			targets = (
				63F96962194F2B0A00158C10 /* UITableViewController Challenge Solution */,
				63F96983194F2B0A00158C10 /* UITableViewController Challenge SolutionTests */,
			);
		};
/* End PBXProject section */

/* Begin PBXResourcesBuildPhase section */
		63F96961194F2B0A00158C10 /* Resources */ = {
			isa = PBXResourcesBuildPhase;
			buildActionMask = 2147483647;
			files = (
				63F9697F194F2B0A00158C10 /* Images.xcassets in Resources */,
				63F96971194F2B0A00158C10 /* InfoPlist.strings in Resources */,
				63F9697A194F2B0A00158C10 /* Main.storyboard in Resources */,
			);
			runOnlyForDeploymentPostprocessing = 0;
		};
		63F96982194F2B0A00158C10 /* Resources */ = {
			isa = PBXResourcesBuildPhase;
			buildActionMask = 2147483647;
			files = (
				63F96990194F2B0B00158C10 /* InfoPlist.strings in Resources */,
			);
			runOnlyForDeploymentPostprocessing = 0;
		};
/* End PBXResourcesBuildPhase section */

/* Begin PBXSourcesBuildPhase section */
		63F9695F194F2B0A00158C10 /* Sources */ = {
			isa = PBXSourcesBuildPhase;
			buildActionMask = 2147483647;
			files = (
				63F9697D194F2B0A00158C10 /* mkViewController.m in Sources */,
				63F96977194F2B0A00158C10 /* mkAppDelegate.m in Sources */,
				63F96973194F2B0A00158C10 /* main.m in Sources */,
			);
			runOnlyForDeploymentPostprocessing = 0;
		};
		63F96980194F2B0A00158C10 /* Sources */ = {
			isa = PBXSourcesBuildPhase;
			buildActionMask = 2147483647;
			files = (
				63F96992194F2B0B00158C10 /* UITableViewController_Challenge_SolutionTests.m in Sources */,
			);
			runOnlyForDeploymentPostprocessing = 0;
		};
/* End PBXSourcesBuildPhase section */

/* Begin PBXTargetDependency section */
		63F9698A194F2B0B00158C10 /* PBXTargetDependency */ = {
			isa = PBXTargetDependency;
			target = 63F96962194F2B0A00158C10 /* UITableViewController Challenge Solution */;
			targetProxy = 63F96989194F2B0B00158C10 /* PBXContainerItemProxy */;
		};
/* End PBXTargetDependency section */

/* Begin PBXVariantGroup section */
		63F9696F194F2B0A00158C10 /* InfoPlist.strings */ = {
			isa = PBXVariantGroup;
			children = (
				63F96970194F2B0A00158C10 /* en */,
			);
			name = InfoPlist.strings;
			sourceTree = "<group>";
		};
		63F96978194F2B0A00158C10 /* Main.storyboard */ = {
			isa = PBXVariantGroup;
			children = (
				63F96979194F2B0A00158C10 /* Base */,
			);
			name = Main.storyboard;
			sourceTree = "<group>";
		};
		63F9698E194F2B0B00158C10 /* InfoPlist.strings */ = {
			isa = PBXVariantGroup;
			children = (
				63F9698F194F2B0B00158C10 /* en */,
			);
			name = InfoPlist.strings;
			sourceTree = "<group>";
		};
/* End PBXVariantGroup section */

/* Begin XCBuildConfiguration section */
		63F96993194F2B0B00158C10 /* Debug */ = {
			isa = XCBuildConfiguration;
			buildSettings = {
				ALWAYS_SEARCH_USER_PATHS = NO;
				CLANG_CXX_LANGUAGE_STANDARD = "gnu++0x";
				CLANG_CXX_LIBRARY = "libc++";
				CLANG_ENABLE_MODULES = YES;
				CLANG_ENABLE_OBJC_ARC = YES;
				CLANG_WARN_BOOL_CONVERSION = YES;
				CLANG_WARN_CONSTANT_CONVERSION = YES;
				CLANG_WARN_DIRECT_OBJC_ISA_USAGE = YES_ERROR;
				CLANG_WARN_EMPTY_BODY = YES;
				CLANG_WARN_ENUM_CONVERSION = YES;
				CLANG_WARN_INT_CONVERSION = YES;
				CLANG_WARN_OBJC_ROOT_CLASS = YES_ERROR;
				CLANG_WARN__DUPLICATE_METHOD_MATCH = YES;
				"CODE_SIGN_IDENTITY[sdk=iphoneos*]" = "iPhone Developer";
				COPY_PHASE_STRIP = NO;
				GCC_C_LANGUAGE_STANDARD = gnu99;
				GCC_DYNAMIC_NO_PIC = NO;
				GCC_OPTIMIZATION_LEVEL = 0;
				GCC_PREPROCESSOR_DEFINITIONS = (
					"DEBUG=1",
					"$(inherited)",
				);
				GCC_SYMBOLS_PRIVATE_EXTERN = NO;
				GCC_WARN_64_TO_32_BIT_CONVERSION = YES;
				GCC_WARN_ABOUT_RETURN_TYPE = YES_ERROR;
				GCC_WARN_UNDECLARED_SELECTOR = YES;
				GCC_WARN_UNINITIALIZED_AUTOS = YES_AGGRESSIVE;
				GCC_WARN_UNUSED_FUNCTION = YES;
				GCC_WARN_UNUSED_VARIABLE = YES;
				IPHONEOS_DEPLOYMENT_TARGET = 7.1;
				ONLY_ACTIVE_ARCH = YES;
				SDKROOT = iphoneos;
			};
			name = Debug;
		};
		63F96994194F2B0B00158C10 /* Release */ = {
			isa = XCBuildConfiguration;
			buildSettings = {
				ALWAYS_SEARCH_USER_PATHS = NO;
				CLANG_CXX_LANGUAGE_STANDARD = "gnu++0x";
				CLANG_CXX_LIBRARY = "libc++";
				CLANG_ENABLE_MODULES = YES;
				CLANG_ENABLE_OBJC_ARC = YES;
				CLANG_WARN_BOOL_CONVERSION = YES;
				CLANG_WARN_CONSTANT_CONVERSION = YES;
				CLANG_WARN_DIRECT_OBJC_ISA_USAGE = YES_ERROR;
				CLANG_WARN_EMPTY_BODY = YES;
				CLANG_WARN_ENUM_CONVERSION = YES;
				CLANG_WARN_INT_CONVERSION = YES;
				CLANG_WARN_OBJC_ROOT_CLASS = YES_ERROR;
				CLANG_WARN__DUPLICATE_METHOD_MATCH = YES;
				"CODE_SIGN_IDENTITY[sdk=iphoneos*]" = "iPhone Developer";
				COPY_PHASE_STRIP = YES;
				ENABLE_NS_ASSERTIONS = NO;
				GCC_C_LANGUAGE_STANDARD = gnu99;
				GCC_WARN_64_TO_32_BIT_CONVERSION = YES;
				GCC_WARN_ABOUT_RETURN_TYPE = YES_ERROR;
				GCC_WARN_UNDECLARED_SELECTOR = YES;
				GCC_WARN_UNINITIALIZED_AUTOS = YES_AGGRESSIVE;
				GCC_WARN_UNUSED_FUNCTION = YES;
				GCC_WARN_UNUSED_VARIABLE = YES;
				IPHONEOS_DEPLOYMENT_TARGET = 7.1;
				SDKROOT = iphoneos;
				VALIDATE_PRODUCT = YES;
			};
			name = Release;
		};
		63F96996194F2B0B00158C10 /* Debug */ = {
			isa = XCBuildConfiguration;
			buildSettings = {
				ASSETCATALOG_COMPILER_APPICON_NAME = AppIcon;
				ASSETCATALOG_COMPILER_LAUNCHIMAGE_NAME = LaunchImage;
				GCC_PRECOMPILE_PREFIX_HEADER = YES;
				GCC_PREFIX_HEADER = "UITableViewController Challenge Solution/UITableViewController Challenge Solution-Prefix.pch";
				INFOPLIST_FILE = "UITableViewController Challenge Solution/UITableViewController Challenge Solution-Info.plist";
				PRODUCT_NAME = "$(TARGET_NAME)";
				WRAPPER_EXTENSION = app;
			};
			name = Debug;
		};
		63F96997194F2B0B00158C10 /* Release */ = {
			isa = XCBuildConfiguration;
			buildSettings = {
				ASSETCATALOG_COMPILER_APPICON_NAME = AppIcon;
				ASSETCATALOG_COMPILER_LAUNCHIMAGE_NAME = LaunchImage;
				GCC_PRECOMPILE_PREFIX_HEADER = YES;
				GCC_PREFIX_HEADER = "UITableViewController Challenge Solution/UITableViewController Challenge Solution-Prefix.pch";
				INFOPLIST_FILE = "UITableViewController Challenge Solution/UITableViewController Challenge Solution-Info.plist";
				PRODUCT_NAME = "$(TARGET_NAME)";
				WRAPPER_EXTENSION = app;
			};
			name = Release;
		};
		63F96999194F2B0B00158C10 /* Debug */ = {
			isa = XCBuildConfiguration;
			buildSettings = {
				BUNDLE_LOADER = "$(BUILT_PRODUCTS_DIR)/UITableViewController Challenge Solution.app/UITableViewController Challenge Solution";
				FRAMEWORK_SEARCH_PATHS = (
					"$(SDKROOT)/Developer/Library/Frameworks",
					"$(inherited)",
					"$(DEVELOPER_FRAMEWORKS_DIR)",
				);
				GCC_PRECOMPILE_PREFIX_HEADER = YES;
				GCC_PREFIX_HEADER = "UITableViewController Challenge Solution/UITableViewController Challenge Solution-Prefix.pch";
				GCC_PREPROCESSOR_DEFINITIONS = (
					"DEBUG=1",
					"$(inherited)",
				);
				INFOPLIST_FILE = "UITableViewController Challenge SolutionTests/UITableViewController Challenge SolutionTests-Info.plist";
				PRODUCT_NAME = "$(TARGET_NAME)";
				TEST_HOST = "$(BUNDLE_LOADER)";
				WRAPPER_EXTENSION = xctest;
			};
			name = Debug;
		};
		63F9699A194F2B0B00158C10 /* Release */ = {
			isa = XCBuildConfiguration;
			buildSettings = {
				BUNDLE_LOADER = "$(BUILT_PRODUCTS_DIR)/UITableViewController Challenge Solution.app/UITableViewController Challenge Solution";
				FRAMEWORK_SEARCH_PATHS = (
					"$(SDKROOT)/Developer/Library/Frameworks",
					"$(inherited)",
					"$(DEVELOPER_FRAMEWORKS_DIR)",
				);
				GCC_PRECOMPILE_PREFIX_HEADER = YES;
				GCC_PREFIX_HEADER = "UITableViewController Challenge Solution/UITableViewController Challenge Solution-Prefix.pch";
				INFOPLIST_FILE = "UITableViewController Challenge SolutionTests/UITableViewController Challenge SolutionTests-Info.plist";
				PRODUCT_NAME = "$(TARGET_NAME)";
				TEST_HOST = "$(BUNDLE_LOADER)";
				WRAPPER_EXTENSION = xctest;
			};
			name = Release;
		};
/* End XCBuildConfiguration section */

/* Begin XCConfigurationList section */
		63F9695E194F2B0A00158C10 /* Build configuration list for PBXProject "UITableViewController Challenge Solution" */ = {
			isa = XCConfigurationList;
			buildConfigurations = (
				63F96993194F2B0B00158C10 /* Debug */,
				63F96994194F2B0B00158C10 /* Release */,
			);
			defaultConfigurationIsVisible = 0;
			defaultConfigurationName = Release;
		};
		63F96995194F2B0B00158C10 /* Build configuration list for PBXNativeTarget "UITableViewController Challenge Solution" */ = {
			isa = XCConfigurationList;
			buildConfigurations = (
				63F96996194F2B0B00158C10 /* Debug */,
				63F96997194F2B0B00158C10 /* Release */,
			);
			defaultConfigurationIsVisible = 0;
		};
		63F96998194F2B0B00158C10 /* Build configuration list for PBXNativeTarget "UITableViewController Challenge SolutionTests" */ = {
			isa = XCConfigurationList;
			buildConfigurations = (
				63F96999194F2B0B00158C10 /* Debug */,
				63F9699A194F2B0B00158C10 /* Release */,
			);
			defaultConfigurationIsVisible = 0;
		};
/* End XCConfigurationList section */
	};
	rootObject = 63F9695B194F2B0A00158C10 /* Project object */;
}
